
Microsoft Visual Studio Solution File, Format Version 12.00
# Visual Studio Version 17
VisualStudioVersion = 17.14.36414.22 d17.14
MinimumVisualStudioVersion = 10.0.40219.1
Project("{8BC9CEB8-8B4A-11D0-8D11-00A0C91BC942}") = "siv3DJam", "siv3DJam.vcxproj", "{8D97BCBF-6BA0-4102-AE7D-49B83DC498D6}"
EndProject
Global
	GlobalSection(SolutionConfigurationPlatforms) = preSolution
		Debug|x64 = Debug|x64
		Release|x64 = Release|x64
	EndGlobalSection
	GlobalSection(ProjectConfigurationPlatforms) = postSolution
		{8D97BCBF-6BA0-4102-AE7D-49B83DC498D6}.Debug|x64.ActiveCfg = Debug|x64
		{8D97BCBF-6BA0-4102-AE7D-49B83DC498D6}.Debug|x64.Build.0 = Debug|x64
		{8D97BCBF-6BA0-4102-AE7D-49B83DC498D6}.Release|x64.ActiveCfg = Release|x64
		{8D97BCBF-6BA0-4102-AE7D-49B83DC498D6}.Release|x64.Build.0 = Release|x64
	EndGlobalSection
	GlobalSection(SolutionProperties) = preSolution
		HideSolutionNode = FALSE
	EndGlobalSection
	GlobalSection(ExtensibilityGlobals) = postSolution
		SolutionGuid = {06E96693-D1AF-42B6-A30E-0F24B1D84DC7}
	EndGlobalSection
EndGlobal
